
Microsoft Visual Studio Solution File, Format Version 12.00
# Visual Studio Version 16
VisualStudioVersion = 16.0.29215.179
MinimumVisualStudioVersion = 10.0.40219.1
Project("{FAE04EC0-301F-11D3-BF4B-00C04F79EFBC}") = "MagiceAlertAppCmd", "MagiceAlertAppCmd\MagiceAlertAppCmd.csproj", "{07A45486-6151-4708-A502-393D00A099F4}"
EndProject
Project("{FAE04EC0-301F-11D3-BF4B-00C04F79EFBC}") = "MagicSeaweedApp", "MagicSeaweedApp\MagicSeaweedApp.csproj", "{52062654-40B7-48B4-82B8-3F2747B78B01}"
EndProject
Project("{FAE04EC0-301F-11D3-BF4B-00C04F79EFBC}") = "MagicSeaweedData", "MagicSeaweedSiteData\MagicSeaweedData.csproj", "{E6D5405C-A9DC-41CD-82B1-95202CE718B2}"
EndProject
Global
	GlobalSection(SolutionConfigurationPlatforms) = preSolution
		Debug|Any CPU = Debug|Any CPU
		Release|Any CPU = Release|Any CPU
	EndGlobalSection
	GlobalSection(ProjectConfigurationPlatforms) = postSolution
		{07A45486-6151-4708-A502-393D00A099F4}.Debug|Any CPU.ActiveCfg = Debug|Any CPU
		{07A45486-6151-4708-A502-393D00A099F4}.Debug|Any CPU.Build.0 = Debug|Any CPU
		{07A45486-6151-4708-A502-393D00A099F4}.Release|Any CPU.ActiveCfg = Release|Any CPU
		{07A45486-6151-4708-A502-393D00A099F4}.Release|Any CPU.Build.0 = Release|Any CPU
		{52062654-40B7-48B4-82B8-3F2747B78B01}.Debug|Any CPU.ActiveCfg = Debug|Any CPU
		{52062654-40B7-48B4-82B8-3F2747B78B01}.Debug|Any CPU.Build.0 = Debug|Any CPU
		{52062654-40B7-48B4-82B8-3F2747B78B01}.Release|Any CPU.ActiveCfg = Release|Any CPU
		{52062654-40B7-48B4-82B8-3F2747B78B01}.Release|Any CPU.Build.0 = Release|Any CPU
		{E6D5405C-A9DC-41CD-82B1-95202CE718B2}.Debug|Any CPU.ActiveCfg = Debug|Any CPU
		{E6D5405C-A9DC-41CD-82B1-95202CE718B2}.Debug|Any CPU.Build.0 = Debug|Any CPU
		{E6D5405C-A9DC-41CD-82B1-95202CE718B2}.Release|Any CPU.ActiveCfg = Release|Any CPU
		{E6D5405C-A9DC-41CD-82B1-95202CE718B2}.Release|Any CPU.Build.0 = Release|Any CPU
	EndGlobalSection
	GlobalSection(SolutionProperties) = preSolution
		HideSolutionNode = FALSE
	EndGlobalSection
	GlobalSection(ExtensibilityGlobals) = postSolution
		SolutionGuid = {573D36A9-5BF5-4387-A144-879C4A83CDF8}
	EndGlobalSection
EndGlobal
